// !$*UTF8*$!
{
	archiveVersion = 1;
	classes = {
	};
	objectVersion = 56;
	objects = {

/* Begin PBXBuildFile section */
		8838444A29F9044C0077D9A0 /* WorldWondersSwiftUIApp.swift in Sources */ = {isa = PBXBuildFile; fileRef = 8838444929F9044C0077D9A0 /* WorldWondersSwiftUIApp.swift */; };
		8838444C29F9044C0077D9A0 /* ContentView.swift in Sources */ = {isa = PBXBuildFile; fileRef = 8838444B29F9044C0077D9A0 /* ContentView.swift */; };
		8838444E29F9044E0077D9A0 /* Assets.xcassets in Resources */ = {isa = PBXBuildFile; fileRef = 8838444D29F9044E0077D9A0 /* Assets.xcassets */; };
		8838445129F9044E0077D9A0 /* Preview Assets.xcassets in Resources */ = {isa = PBXBuildFile; fileRef = 8838445029F9044E0077D9A0 /* Preview Assets.xcassets */; };
		8838445B29F9044E0077D9A0 /* WorldWondersSwiftUITests.swift in Sources */ = {isa = PBXBuildFile; fileRef = 8838445A29F9044E0077D9A0 /* WorldWondersSwiftUITests.swift */; };
		8838446529F9044E0077D9A0 /* WorldWondersSwiftUIUITests.swift in Sources */ = {isa = PBXBuildFile; fileRef = 8838446429F9044E0077D9A0 /* WorldWondersSwiftUIUITests.swift */; };
		8838446729F9044E0077D9A0 /* WorldWondersSwiftUIUITestsLaunchTests.swift in Sources */ = {isa = PBXBuildFile; fileRef = 8838446629F9044E0077D9A0 /* WorldWondersSwiftUIUITestsLaunchTests.swift */; };
		8838447529F904C20077D9A0 /* SwiftyJSON in Frameworks */ = {isa = PBXBuildFile; productRef = 8838447429F904C20077D9A0 /* SwiftyJSON */; };
		8838447829F904ED0077D9A0 /* SDWebImage in Frameworks */ = {isa = PBXBuildFile; productRef = 8838447729F904ED0077D9A0 /* SDWebImage */; };
		8838447B29F905780077D9A0 /* SDWebImageSwiftUI in Frameworks */ = {isa = PBXBuildFile; productRef = 8838447A29F905780077D9A0 /* SDWebImageSwiftUI */; };
/* End PBXBuildFile section */

/* Begin PBXContainerItemProxy section */
		8838445729F9044E0077D9A0 /* PBXContainerItemProxy */ = {
			isa = PBXContainerItemProxy;
			containerPortal = 8838443E29F9044C0077D9A0 /* Project object */;
			proxyType = 1;
			remoteGlobalIDString = 8838444529F9044C0077D9A0;
			remoteInfo = WorldWondersSwiftUI;
		};
		8838446129F9044E0077D9A0 /* PBXContainerItemProxy */ = {
			isa = PBXContainerItemProxy;
			containerPortal = 8838443E29F9044C0077D9A0 /* Project object */;
			proxyType = 1;
			remoteGlobalIDString = 8838444529F9044C0077D9A0;
			remoteInfo = WorldWondersSwiftUI;
		};
/* End PBXContainerItemProxy section */

/* Begin PBXFileReference section */
		8838444629F9044C0077D9A0 /* WorldWondersSwiftUI.app */ = {isa = PBXFileReference; explicitFileType = wrapper.application; includeInIndex = 0; path = WorldWondersSwiftUI.app; sourceTree = BUILT_PRODUCTS_DIR; };
		8838444929F9044C0077D9A0 /* WorldWondersSwiftUIApp.swift */ = {isa = PBXFileReference; lastKnownFileType = sourcecode.swift; path = WorldWondersSwiftUIApp.swift; sourceTree = "<group>"; };
		8838444B29F9044C0077D9A0 /* ContentView.swift */ = {isa = PBXFileReference; lastKnownFileType = sourcecode.swift; path = ContentView.swift; sourceTree = "<group>"; };
		8838444D29F9044E0077D9A0 /* Assets.xcassets */ = {isa = PBXFileReference; lastKnownFileType = folder.assetcatalog; path = Assets.xcassets; sourceTree = "<group>"; };
		8838445029F9044E0077D9A0 /* Preview Assets.xcassets */ = {isa = PBXFileReference; lastKnownFileType = folder.assetcatalog; path = "Preview Assets.xcassets"; sourceTree = "<group>"; };
		8838445629F9044E0077D9A0 /* WorldWondersSwiftUITests.xctest */ = {isa = PBXFileReference; explicitFileType = wrapper.cfbundle; includeInIndex = 0; path = WorldWondersSwiftUITests.xctest; sourceTree = BUILT_PRODUCTS_DIR; };
		8838445A29F9044E0077D9A0 /* WorldWondersSwiftUITests.swift */ = {isa = PBXFileReference; lastKnownFileType = sourcecode.swift; path = WorldWondersSwiftUITests.swift; sourceTree = "<group>"; };
		8838446029F9044E0077D9A0 /* WorldWondersSwiftUIUITests.xctest */ = {isa = PBXFileReference; explicitFileType = wrapper.cfbundle; includeInIndex = 0; path = WorldWondersSwiftUIUITests.xctest; sourceTree = BUILT_PRODUCTS_DIR; };
		8838446429F9044E0077D9A0 /* WorldWondersSwiftUIUITests.swift */ = {isa = PBXFileReference; lastKnownFileType = sourcecode.swift; path = WorldWondersSwiftUIUITests.swift; sourceTree = "<group>"; };
		8838446629F9044E0077D9A0 /* WorldWondersSwiftUIUITestsLaunchTests.swift */ = {isa = PBXFileReference; lastKnownFileType = sourcecode.swift; path = WorldWondersSwiftUIUITestsLaunchTests.swift; sourceTree = "<group>"; };
/* End PBXFileReference section */

/* Begin PBXFrameworksBuildPhase section */
		8838444329F9044C0077D9A0 /* Frameworks */ = {
			isa = PBXFrameworksBuildPhase;
			buildActionMask = 2147483647;
			files = (
				8838447B29F905780077D9A0 /* SDWebImageSwiftUI in Frameworks */,
				8838447829F904ED0077D9A0 /* SDWebImage in Frameworks */,
				8838447529F904C20077D9A0 /* SwiftyJSON in Frameworks */,
			);
			runOnlyForDeploymentPostprocessing = 0;
		};
		8838445329F9044E0077D9A0 /* Frameworks */ = {
			isa = PBXFrameworksBuildPhase;
			buildActionMask = 2147483647;
			files = (
			);
			runOnlyForDeploymentPostprocessing = 0;
		};
		8838445D29F9044E0077D9A0 /* Frameworks */ = {
			isa = PBXFrameworksBuildPhase;
			buildActionMask = 2147483647;
			files = (
			);
			runOnlyForDeploymentPostprocessing = 0;
		};
/* End PBXFrameworksBuildPhase section */

/* Begin PBXGroup section */
		8838443D29F9044C0077D9A0 = {
			isa = PBXGroup;
			children = (
				8838444829F9044C0077D9A0 /* WorldWondersSwiftUI */,
				8838445929F9044E0077D9A0 /* WorldWondersSwiftUITests */,
				8838446329F9044E0077D9A0 /* WorldWondersSwiftUIUITests */,
				8838444729F9044C0077D9A0 /* Products */,
			);
			sourceTree = "<group>";
		};
		8838444729F9044C0077D9A0 /* Products */ = {
			isa = PBXGroup;
			children = (
				8838444629F9044C0077D9A0 /* WorldWondersSwiftUI.app */,
				8838445629F9044E0077D9A0 /* WorldWondersSwiftUITests.xctest */,
				8838446029F9044E0077D9A0 /* WorldWondersSwiftUIUITests.xctest */,
			);
			name = Products;
			sourceTree = "<group>";
		};
		8838444829F9044C0077D9A0 /* WorldWondersSwiftUI */ = {
			isa = PBXGroup;
			children = (
				8838444929F9044C0077D9A0 /* WorldWondersSwiftUIApp.swift */,
				8838444B29F9044C0077D9A0 /* ContentView.swift */,
				8838444D29F9044E0077D9A0 /* Assets.xcassets */,
				8838444F29F9044E0077D9A0 /* Preview Content */,
			);
			path = WorldWondersSwiftUI;
			sourceTree = "<group>";
		};
		8838444F29F9044E0077D9A0 /* Preview Content */ = {
			isa = PBXGroup;
			children = (
				8838445029F9044E0077D9A0 /* Preview Assets.xcassets */,
			);
			path = "Preview Content";
			sourceTree = "<group>";
		};
		8838445929F9044E0077D9A0 /* WorldWondersSwiftUITests */ = {
			isa = PBXGroup;
			children = (
				8838445A29F9044E0077D9A0 /* WorldWondersSwiftUITests.swift */,
			);
			path = WorldWondersSwiftUITests;
			sourceTree = "<group>";
		};
		8838446329F9044E0077D9A0 /* WorldWondersSwiftUIUITests */ = {
			isa = PBXGroup;
			children = (
				8838446429F9044E0077D9A0 /* WorldWondersSwiftUIUITests.swift */,
				8838446629F9044E0077D9A0 /* WorldWondersSwiftUIUITestsLaunchTests.swift */,
			);
			path = WorldWondersSwiftUIUITests;
			sourceTree = "<group>";
		};
/* End PBXGroup section */

/* Begin PBXNativeTarget section */
		8838444529F9044C0077D9A0 /* WorldWondersSwiftUI */ = {
			isa = PBXNativeTarget;
			buildConfigurationList = 8838446A29F9044E0077D9A0 /* Build configuration list for PBXNativeTarget "WorldWondersSwiftUI" */;
			buildPhases = (
				8838444229F9044C0077D9A0 /* Sources */,
				8838444329F9044C0077D9A0 /* Frameworks */,
				8838444429F9044C0077D9A0 /* Resources */,
			);
			buildRules = (
			);
			dependencies = (
			);
			name = WorldWondersSwiftUI;
			packageProductDependencies = (
				8838447429F904C20077D9A0 /* SwiftyJSON */,
				8838447729F904ED0077D9A0 /* SDWebImage */,
				8838447A29F905780077D9A0 /* SDWebImageSwiftUI */,
			);
			productName = WorldWondersSwiftUI;
			productReference = 8838444629F9044C0077D9A0 /* WorldWondersSwiftUI.app */;
			productType = "com.apple.product-type.application";
		};
		8838445529F9044E0077D9A0 /* WorldWondersSwiftUITests */ = {
			isa = PBXNativeTarget;
			buildConfigurationList = 8838446D29F9044E0077D9A0 /* Build configuration list for PBXNativeTarget "WorldWondersSwiftUITests" */;
			buildPhases = (
				8838445229F9044E0077D9A0 /* Sources */,
				8838445329F9044E0077D9A0 /* Frameworks */,
				8838445429F9044E0077D9A0 /* Resources */,
			);
			buildRules = (
			);
			dependencies = (
				8838445829F9044E0077D9A0 /* PBXTargetDependency */,
			);
			name = WorldWondersSwiftUITests;
			productName = WorldWondersSwiftUITests;
			productReference = 8838445629F9044E0077D9A0 /* WorldWondersSwiftUITests.xctest */;
			productType = "com.apple.product-type.bundle.unit-test";
		};
		8838445F29F9044E0077D9A0 /* WorldWondersSwiftUIUITests */ = {
			isa = PBXNativeTarget;
			buildConfigurationList = 8838447029F9044E0077D9A0 /* Build configuration list for PBXNativeTarget "WorldWondersSwiftUIUITests" */;
			buildPhases = (
				8838445C29F9044E0077D9A0 /* Sources */,
				8838445D29F9044E0077D9A0 /* Frameworks */,
				8838445E29F9044E0077D9A0 /* Resources */,
			);
			buildRules = (
			);
			dependencies = (
				8838446229F9044E0077D9A0 /* PBXTargetDependency */,
			);
			name = WorldWondersSwiftUIUITests;
			productName = WorldWondersSwiftUIUITests;
			productReference = 8838446029F9044E0077D9A0 /* WorldWondersSwiftUIUITests.xctest */;
			productType = "com.apple.product-type.bundle.ui-testing";
		};
/* End PBXNativeTarget section */

/* Begin PBXProject section */
		8838443E29F9044C0077D9A0 /* Project object */ = {
			isa = PBXProject;
			attributes = {
				BuildIndependentTargetsInParallel = 1;
				LastSwiftUpdateCheck = 1420;
				LastUpgradeCheck = 1420;
				TargetAttributes = {
					8838444529F9044C0077D9A0 = {
						CreatedOnToolsVersion = 14.2;
					};
					8838445529F9044E0077D9A0 = {
						CreatedOnToolsVersion = 14.2;
						TestTargetID = 8838444529F9044C0077D9A0;
					};
					8838445F29F9044E0077D9A0 = {
						CreatedOnToolsVersion = 14.2;
						TestTargetID = 8838444529F9044C0077D9A0;
					};
				};
			};
			buildConfigurationList = 8838444129F9044C0077D9A0 /* Build configuration list for PBXProject "WorldWondersSwiftUI" */;
			compatibilityVersion = "Xcode 14.0";
			developmentRegion = en;
			hasScannedForEncodings = 0;
			knownRegions = (
				en,
				Base,
			);
			mainGroup = 8838443D29F9044C0077D9A0;
			packageReferences = (
				8838447329F904C20077D9A0 /* XCRemoteSwiftPackageReference "SwiftyJSON" */,
				8838447629F904ED0077D9A0 /* XCRemoteSwiftPackageReference "SDWebImage" */,
				8838447929F905780077D9A0 /* XCRemoteSwiftPackageReference "SDWebImageSwiftUI" */,
			);
			productRefGroup = 8838444729F9044C0077D9A0 /* Products */;
			projectDirPath = "";
			projectRoot = "";
			targets = (
				8838444529F9044C0077D9A0 /* WorldWondersSwiftUI */,
				8838445529F9044E0077D9A0 /* WorldWondersSwiftUITests */,
				8838445F29F9044E0077D9A0 /* WorldWondersSwiftUIUITests */,
			);
		};
/* End PBXProject section */

/* Begin PBXResourcesBuildPhase section */
		8838444429F9044C0077D9A0 /* Resources */ = {
			isa = PBXResourcesBuildPhase;
			buildActionMask = 2147483647;
			files = (
				8838445129F9044E0077D9A0 /* Preview Assets.xcassets in Resources */,
				8838444E29F9044E0077D9A0 /* Assets.xcassets in Resources */,
			);
			runOnlyForDeploymentPostprocessing = 0;
		};
		8838445429F9044E0077D9A0 /* Resources */ = {
			isa = PBXResourcesBuildPhase;
			buildActionMask = 2147483647;
			files = (
			);
			runOnlyForDeploymentPostprocessing = 0;
		};
		8838445E29F9044E0077D9A0 /* Resources */ = {
			isa = PBXResourcesBuildPhase;
			buildActionMask = 2147483647;
			files = (
			);
			runOnlyForDeploymentPostprocessing = 0;
		};
/* End PBXResourcesBuildPhase section */

/* Begin PBXSourcesBuildPhase section */
		8838444229F9044C0077D9A0 /* Sources */ = {
			isa = PBXSourcesBuildPhase;
			buildActionMask = 2147483647;
			files = (
				8838444C29F9044C0077D9A0 /* ContentView.swift in Sources */,
				8838444A29F9044C0077D9A0 /* WorldWondersSwiftUIApp.swift in Sources */,
			);
			runOnlyForDeploymentPostprocessing = 0;
		};
		8838445229F9044E0077D9A0 /* Sources */ = {
			isa = PBXSourcesBuildPhase;
			buildActionMask = 2147483647;
			files = (
				8838445B29F9044E0077D9A0 /* WorldWondersSwiftUITests.swift in Sources */,
			);
			runOnlyForDeploymentPostprocessing = 0;
		};
		8838445C29F9044E0077D9A0 /* Sources */ = {
			isa = PBXSourcesBuildPhase;
			buildActionMask = 2147483647;
			files = (
				8838446729F9044E0077D9A0 /* WorldWondersSwiftUIUITestsLaunchTests.swift in Sources */,
				8838446529F9044E0077D9A0 /* WorldWondersSwiftUIUITests.swift in Sources */,
			);
			runOnlyForDeploymentPostprocessing = 0;
		};
/* End PBXSourcesBuildPhase section */

/* Begin PBXTargetDependency section */
		8838445829F9044E0077D9A0 /* PBXTargetDependency */ = {
			isa = PBXTargetDependency;
			target = 8838444529F9044C0077D9A0 /* WorldWondersSwiftUI */;
			targetProxy = 8838445729F9044E0077D9A0 /* PBXContainerItemProxy */;
		};
		8838446229F9044E0077D9A0 /* PBXTargetDependency */ = {
			isa = PBXTargetDependency;
			target = 8838444529F9044C0077D9A0 /* WorldWondersSwiftUI */;
			targetProxy = 8838446129F9044E0077D9A0 /* PBXContainerItemProxy */;
		};
/* End PBXTargetDependency section */

/* Begin XCBuildConfiguration section */
		8838446829F9044E0077D9A0 /* Debug */ = {
			isa = XCBuildConfiguration;
			buildSettings = {
				ALWAYS_SEARCH_USER_PATHS = NO;
				CLANG_ANALYZER_NONNULL = YES;
				CLANG_ANALYZER_NUMBER_OBJECT_CONVERSION = YES_AGGRESSIVE;
				CLANG_CXX_LANGUAGE_STANDARD = "gnu++20";
				CLANG_ENABLE_MODULES = YES;
				CLANG_ENABLE_OBJC_ARC = YES;
				CLANG_ENABLE_OBJC_WEAK = YES;
				CLANG_WARN_BLOCK_CAPTURE_AUTORELEASING = YES;
				CLANG_WARN_BOOL_CONVERSION = YES;
				CLANG_WARN_COMMA = YES;
				CLANG_WARN_CONSTANT_CONVERSION = YES;
				CLANG_WARN_DEPRECATED_OBJC_IMPLEMENTATIONS = YES;
				CLANG_WARN_DIRECT_OBJC_ISA_USAGE = YES_ERROR;
				CLANG_WARN_DOCUMENTATION_COMMENTS = YES;
				CLANG_WARN_EMPTY_BODY = YES;
				CLANG_WARN_ENUM_CONVERSION = YES;
				CLANG_WARN_INFINITE_RECURSION = YES;
				CLANG_WARN_INT_CONVERSION = YES;
				CLANG_WARN_NON_LITERAL_NULL_CONVERSION = YES;
				CLANG_WARN_OBJC_IMPLICIT_RETAIN_SELF = YES;
				CLANG_WARN_OBJC_LITERAL_CONVERSION = YES;
				CLANG_WARN_OBJC_ROOT_CLASS = YES_ERROR;
				CLANG_WARN_QUOTED_INCLUDE_IN_FRAMEWORK_HEADER = YES;
				CLANG_WARN_RANGE_LOOP_ANALYSIS = YES;
				CLANG_WARN_STRICT_PROTOTYPES = YES;
				CLANG_WARN_SUSPICIOUS_MOVE = YES;
				CLANG_WARN_UNGUARDED_AVAILABILITY = YES_AGGRESSIVE;
				CLANG_WARN_UNREACHABLE_CODE = YES;
				CLANG_WARN__DUPLICATE_METHOD_MATCH = YES;
				COPY_PHASE_STRIP = NO;
				DEBUG_INFORMATION_FORMAT = dwarf;
				ENABLE_STRICT_OBJC_MSGSEND = YES;
				ENABLE_TESTABILITY = YES;
				GCC_C_LANGUAGE_STANDARD = gnu11;
				GCC_DYNAMIC_NO_PIC = NO;
				GCC_NO_COMMON_BLOCKS = YES;
				GCC_OPTIMIZATION_LEVEL = 0;
				GCC_PREPROCESSOR_DEFINITIONS = (
					"DEBUG=1",
					"$(inherited)",
				);
				GCC_WARN_64_TO_32_BIT_CONVERSION = YES;
				GCC_WARN_ABOUT_RETURN_TYPE = YES_ERROR;
				GCC_WARN_UNDECLARED_SELECTOR = YES;
				GCC_WARN_UNINITIALIZED_AUTOS = YES_AGGRESSIVE;
				GCC_WARN_UNUSED_FUNCTION = YES;
				GCC_WARN_UNUSED_VARIABLE = YES;
				IPHONEOS_DEPLOYMENT_TARGET = 16.2;
				MTL_ENABLE_DEBUG_INFO = INCLUDE_SOURCE;
				MTL_FAST_MATH = YES;
				ONLY_ACTIVE_ARCH = YES;
				SDKROOT = iphoneos;
				SWIFT_ACTIVE_COMPILATION_CONDITIONS = DEBUG;
				SWIFT_OPTIMIZATION_LEVEL = "-Onone";
			};
			name = Debug;
		};
		8838446929F9044E0077D9A0 /* Release */ = {
			isa = XCBuildConfiguration;
			buildSettings = {
				ALWAYS_SEARCH_USER_PATHS = NO;
				CLANG_ANALYZER_NONNULL = YES;
				CLANG_ANALYZER_NUMBER_OBJECT_CONVERSION = YES_AGGRESSIVE;
				CLANG_CXX_LANGUAGE_STANDARD = "gnu++20";
				CLANG_ENABLE_MODULES = YES;
				CLANG_ENABLE_OBJC_ARC = YES;
				CLANG_ENABLE_OBJC_WEAK = YES;
				CLANG_WARN_BLOCK_CAPTURE_AUTORELEASING = YES;
				CLANG_WARN_BOOL_CONVERSION = YES;
				CLANG_WARN_COMMA = YES;
				CLANG_WARN_CONSTANT_CONVERSION = YES;
				CLANG_WARN_DEPRECATED_OBJC_IMPLEMENTATIONS = YES;
				CLANG_WARN_DIRECT_OBJC_ISA_USAGE = YES_ERROR;
				CLANG_WARN_DOCUMENTATION_COMMENTS = YES;
				CLANG_WARN_EMPTY_BODY = YES;
				CLANG_WARN_ENUM_CONVERSION = YES;
				CLANG_WARN_INFINITE_RECURSION = YES;
				CLANG_WARN_INT_CONVERSION = YES;
				CLANG_WARN_NON_LITERAL_NULL_CONVERSION = YES;
				CLANG_WARN_OBJC_IMPLICIT_RETAIN_SELF = YES;
				CLANG_WARN_OBJC_LITERAL_CONVERSION = YES;
				CLANG_WARN_OBJC_ROOT_CLASS = YES_ERROR;
				CLANG_WARN_QUOTED_INCLUDE_IN_FRAMEWORK_HEADER = YES;
				CLANG_WARN_RANGE_LOOP_ANALYSIS = YES;
				CLANG_WARN_STRICT_PROTOTYPES = YES;
				CLANG_WARN_SUSPICIOUS_MOVE = YES;
				CLANG_WARN_UNGUARDED_AVAILABILITY = YES_AGGRESSIVE;
				CLANG_WARN_UNREACHABLE_CODE = YES;
				CLANG_WARN__DUPLICATE_METHOD_MATCH = YES;
				COPY_PHASE_STRIP = NO;
				DEBUG_INFORMATION_FORMAT = "dwarf-with-dsym";
				ENABLE_NS_ASSERTIONS = NO;
				ENABLE_STRICT_OBJC_MSGSEND = YES;
				GCC_C_LANGUAGE_STANDARD = gnu11;
				GCC_NO_COMMON_BLOCKS = YES;
				GCC_WARN_64_TO_32_BIT_CONVERSION = YES;
				GCC_WARN_ABOUT_RETURN_TYPE = YES_ERROR;
				GCC_WARN_UNDECLARED_SELECTOR = YES;
				GCC_WARN_UNINITIALIZED_AUTOS = YES_AGGRESSIVE;
				GCC_WARN_UNUSED_FUNCTION = YES;
				GCC_WARN_UNUSED_VARIABLE = YES;
				IPHONEOS_DEPLOYMENT_TARGET = 16.2;
				MTL_ENABLE_DEBUG_INFO = NO;
				MTL_FAST_MATH = YES;
				SDKROOT = iphoneos;
				SWIFT_COMPILATION_MODE = wholemodule;
				SWIFT_OPTIMIZATION_LEVEL = "-O";
				VALIDATE_PRODUCT = YES;
			};
			name = Release;
		};
		8838446B29F9044E0077D9A0 /* Debug */ = {
			isa = XCBuildConfiguration;
			buildSettings = {
				ASSETCATALOG_COMPILER_APPICON_NAME = AppIcon;
				ASSETCATALOG_COMPILER_GLOBAL_ACCENT_COLOR_NAME = AccentColor;
				CODE_SIGN_STYLE = Automatic;
				CURRENT_PROJECT_VERSION = 1;
				DEVELOPMENT_ASSET_PATHS = "\"WorldWondersSwiftUI/Preview Content\"";
				ENABLE_PREVIEWS = YES;
				GENERATE_INFOPLIST_FILE = YES;
				INFOPLIST_KEY_UIApplicationSceneManifest_Generation = YES;
				INFOPLIST_KEY_UIApplicationSupportsIndirectInputEvents = YES;
				INFOPLIST_KEY_UILaunchScreen_Generation = YES;
				INFOPLIST_KEY_UISupportedInterfaceOrientations_iPad = "UIInterfaceOrientationPortrait UIInterfaceOrientationPortraitUpsideDown UIInterfaceOrientationLandscapeLeft UIInterfaceOrientationLandscapeRight";
				INFOPLIST_KEY_UISupportedInterfaceOrientations_iPhone = "UIInterfaceOrientationPortrait UIInterfaceOrientationLandscapeLeft UIInterfaceOrientationLandscapeRight";
				LD_RUNPATH_SEARCH_PATHS = (
					"$(inherited)",
					"@executable_path/Frameworks",
				);
				MARKETING_VERSION = 1.0;
				PRODUCT_BUNDLE_IDENTIFIER = technodom.WorldWondersSwiftUI;
				PRODUCT_NAME = "$(TARGET_NAME)";
				SWIFT_EMIT_LOC_STRINGS = YES;
				SWIFT_VERSION = 5.0;
				TARGETED_DEVICE_FAMILY = "1,2";
			};
			name = Debug;
		};
		8838446C29F9044E0077D9A0 /* Release */ = {
			isa = XCBuildConfiguration;
			buildSettings = {
				ASSETCATALOG_COMPILER_APPICON_NAME = AppIcon;
				ASSETCATALOG_COMPILER_GLOBAL_ACCENT_COLOR_NAME = AccentColor;
				CODE_SIGN_STYLE = Automatic;
				CURRENT_PROJECT_VERSION = 1;
				DEVELOPMENT_ASSET_PATHS = "\"WorldWondersSwiftUI/Preview Content\"";
				ENABLE_PREVIEWS = YES;
				GENERATE_INFOPLIST_FILE = YES;
				INFOPLIST_KEY_UIApplicationSceneManifest_Generation = YES;
				INFOPLIST_KEY_UIApplicationSupportsIndirectInputEvents = YES;
				INFOPLIST_KEY_UILaunchScreen_Generation = YES;
				INFOPLIST_KEY_UISupportedInterfaceOrientations_iPad = "UIInterfaceOrientationPortrait UIInterfaceOrientationPortraitUpsideDown UIInterfaceOrientationLandscapeLeft UIInterfaceOrientationLandscapeRight";
				INFOPLIST_KEY_UISupportedInterfaceOrientations_iPhone = "UIInterfaceOrientationPortrait UIInterfaceOrientationLandscapeLeft UIInterfaceOrientationLandscapeRight";
				LD_RUNPATH_SEARCH_PATHS = (
					"$(inherited)",
					"@executable_path/Frameworks",
				);
				MARKETING_VERSION = 1.0;
				PRODUCT_BUNDLE_IDENTIFIER = technodom.WorldWondersSwiftUI;
				PRODUCT_NAME = "$(TARGET_NAME)";
				SWIFT_EMIT_LOC_STRINGS = YES;
				SWIFT_VERSION = 5.0;
				TARGETED_DEVICE_FAMILY = "1,2";
			};
			name = Release;
		};
		8838446E29F9044E0077D9A0 /* Debug */ = {
			isa = XCBuildConfiguration;
			buildSettings = {
				ALWAYS_EMBED_SWIFT_STANDARD_LIBRARIES = YES;
				BUNDLE_LOADER = "$(TEST_HOST)";
				CODE_SIGN_STYLE = Automatic;
				CURRENT_PROJECT_VERSION = 1;
				GENERATE_INFOPLIST_FILE = YES;
				IPHONEOS_DEPLOYMENT_TARGET = 16.2;
				MARKETING_VERSION = 1.0;
				PRODUCT_BUNDLE_IDENTIFIER = technodom.WorldWondersSwiftUITests;
				PRODUCT_NAME = "$(TARGET_NAME)";
				SWIFT_EMIT_LOC_STRINGS = NO;
				SWIFT_VERSION = 5.0;
				TARGETED_DEVICE_FAMILY = "1,2";
				TEST_HOST = "$(BUILT_PRODUCTS_DIR)/WorldWondersSwiftUI.app/$(BUNDLE_EXECUTABLE_FOLDER_PATH)/WorldWondersSwiftUI";
			};
			name = Debug;
		};
		8838446F29F9044E0077D9A0 /* Release */ = {
			isa = XCBuildConfiguration;
			buildSettings = {
				ALWAYS_EMBED_SWIFT_STANDARD_LIBRARIES = YES;
				BUNDLE_LOADER = "$(TEST_HOST)";
				CODE_SIGN_STYLE = Automatic;
				CURRENT_PROJECT_VERSION = 1;
				GENERATE_INFOPLIST_FILE = YES;
				IPHONEOS_DEPLOYMENT_TARGET = 16.2;
				MARKETING_VERSION = 1.0;
				PRODUCT_BUNDLE_IDENTIFIER = technodom.WorldWondersSwiftUITests;
				PRODUCT_NAME = "$(TARGET_NAME)";
				SWIFT_EMIT_LOC_STRINGS = NO;
				SWIFT_VERSION = 5.0;
				TARGETED_DEVICE_FAMILY = "1,2";
				TEST_HOST = "$(BUILT_PRODUCTS_DIR)/WorldWondersSwiftUI.app/$(BUNDLE_EXECUTABLE_FOLDER_PATH)/WorldWondersSwiftUI";
			};
			name = Release;
		};
		8838447129F9044E0077D9A0 /* Debug */ = {
			isa = XCBuildConfiguration;
			buildSettings = {
				ALWAYS_EMBED_SWIFT_STANDARD_LIBRARIES = YES;
				CODE_SIGN_STYLE = Automatic;
				CURRENT_PROJECT_VERSION = 1;
				GENERATE_INFOPLIST_FILE = YES;
				MARKETING_VERSION = 1.0;
				PRODUCT_BUNDLE_IDENTIFIER = technodom.WorldWondersSwiftUIUITests;
				PRODUCT_NAME = "$(TARGET_NAME)";
				SWIFT_EMIT_LOC_STRINGS = NO;
				SWIFT_VERSION = 5.0;
				TARGETED_DEVICE_FAMILY = "1,2";
				TEST_TARGET_NAME = WorldWondersSwiftUI;
			};
			name = Debug;
		};
		8838447229F9044E0077D9A0 /* Release */ = {
			isa = XCBuildConfiguration;
			buildSettings = {
				ALWAYS_EMBED_SWIFT_STANDARD_LIBRARIES = YES;
				CODE_SIGN_STYLE = Automatic;
				CURRENT_PROJECT_VERSION = 1;
				GENERATE_INFOPLIST_FILE = YES;
				MARKETING_VERSION = 1.0;
				PRODUCT_BUNDLE_IDENTIFIER = technodom.WorldWondersSwiftUIUITests;
				PRODUCT_NAME = "$(TARGET_NAME)";
				SWIFT_EMIT_LOC_STRINGS = NO;
				SWIFT_VERSION = 5.0;
				TARGETED_DEVICE_FAMILY = "1,2";
				TEST_TARGET_NAME = WorldWondersSwiftUI;
			};
			name = Release;
		};
/* End XCBuildConfiguration section */

/* Begin XCConfigurationList section */
		8838444129F9044C0077D9A0 /* Build configuration list for PBXProject "WorldWondersSwiftUI" */ = {
			isa = XCConfigurationList;
			buildConfigurations = (
				8838446829F9044E0077D9A0 /* Debug */,
				8838446929F9044E0077D9A0 /* Release */,
			);
			defaultConfigurationIsVisible = 0;
			defaultConfigurationName = Release;
		};
		8838446A29F9044E0077D9A0 /* Build configuration list for PBXNativeTarget "WorldWondersSwiftUI" */ = {
			isa = XCConfigurationList;
			buildConfigurations = (
				8838446B29F9044E0077D9A0 /* Debug */,
				8838446C29F9044E0077D9A0 /* Release */,
			);
			defaultConfigurationIsVisible = 0;
			defaultConfigurationName = Release;
		};
		8838446D29F9044E0077D9A0 /* Build configuration list for PBXNativeTarget "WorldWondersSwiftUITests" */ = {
			isa = XCConfigurationList;
			buildConfigurations = (
				8838446E29F9044E0077D9A0 /* Debug */,
				8838446F29F9044E0077D9A0 /* Release */,
			);
			defaultConfigurationIsVisible = 0;
			defaultConfigurationName = Release;
		};
		8838447029F9044E0077D9A0 /* Build configuration list for PBXNativeTarget "WorldWondersSwiftUIUITests" */ = {
			isa = XCConfigurationList;
			buildConfigurations = (
				8838447129F9044E0077D9A0 /* Debug */,
				8838447229F9044E0077D9A0 /* Release */,
			);
			defaultConfigurationIsVisible = 0;
			defaultConfigurationName = Release;
		};
/* End XCConfigurationList section */

/* Begin XCRemoteSwiftPackageReference section */
		8838447329F904C20077D9A0 /* XCRemoteSwiftPackageReference "SwiftyJSON" */ = {
			isa = XCRemoteSwiftPackageReference;
			repositoryURL = "https://github.com/SwiftyJSON/SwiftyJSON.git";
			requirement = {
				branch = master;
				kind = branch;
			};
		};
		8838447629F904ED0077D9A0 /* XCRemoteSwiftPackageReference "SDWebImage" */ = {
			isa = XCRemoteSwiftPackageReference;
			repositoryURL = "https://github.com/SDWebImage/SDWebImage.git";
			requirement = {
				branch = master;
				kind = branch;
			};
		};
		8838447929F905780077D9A0 /* XCRemoteSwiftPackageReference "SDWebImageSwiftUI" */ = {
			isa = XCRemoteSwiftPackageReference;
			repositoryURL = "https://github.com/SDWebImage/SDWebImageSwiftUI.git";
			requirement = {
				kind = upToNextMajorVersion;
				minimumVersion = 2.0.0;
			};
		};
/* End XCRemoteSwiftPackageReference section */

/* Begin XCSwiftPackageProductDependency section */
		8838447429F904C20077D9A0 /* SwiftyJSON */ = {
			isa = XCSwiftPackageProductDependency;
			package = 8838447329F904C20077D9A0 /* XCRemoteSwiftPackageReference "SwiftyJSON" */;
			productName = SwiftyJSON;
		};
		8838447729F904ED0077D9A0 /* SDWebImage */ = {
			isa = XCSwiftPackageProductDependency;
			package = 8838447629F904ED0077D9A0 /* XCRemoteSwiftPackageReference "SDWebImage" */;
			productName = SDWebImage;
		};
		8838447A29F905780077D9A0 /* SDWebImageSwiftUI */ = {
			isa = XCSwiftPackageProductDependency;
			package = 8838447929F905780077D9A0 /* XCRemoteSwiftPackageReference "SDWebImageSwiftUI" */;
			productName = SDWebImageSwiftUI;
		};
/* End XCSwiftPackageProductDependency section */
	};
	rootObject = 8838443E29F9044C0077D9A0 /* Project object */;
}
